
Microsoft Visual Studio Solution File, Format Version 12.00
# Visual Studio Version 16
VisualStudioVersion = 16.0.28803.156
MinimumVisualStudioVersion = 10.0.40219.1
Project("{8BC9CEB8-8B4A-11D0-8D11-00A0C91BC942}") = "TinyDxEngine.app", "TinyDxEngine.app\TinyDxEngine.app.vcxproj", "{79773DA1-66DF-484C-9DE2-B8C7FB25CE8B}"
EndProject
Project("{8BC9CEB8-8B4A-11D0-8D11-00A0C91BC942}") = "TinyDxEngine.gfx", "TinyDxEngine.gfx\TinyDxEngine.gfx.vcxproj", "{99745BF5-7E15-43E2-895D-EB075081BC64}"
EndProject
Project("{8BC9CEB8-8B4A-11D0-8D11-00A0C91BC942}") = "TinyDxEngine.base", "TinyDxEngine.base\TinyDxEngine.base.vcxproj", "{35E45AF9-7B71-4CC6-873D-D08533D93799}"
EndProject
Project("{2150E333-8FDC-42A3-9474-1A3956D46DE8}") = "External Libraries", "External Libraries", "{B43C9BA6-6BC9-4A17-A978-D1A34379663E}"
EndProject
Project("{2150E333-8FDC-42A3-9474-1A3956D46DE8}") = "TinyDxEngine", "TinyDxEngine", "{BCEAA97A-57CE-4508-B60C-E42AE8286FCC}"
EndProject
Project("{8BC9CEB8-8B4A-11D0-8D11-00A0C91BC942}") = "TestApp", "TestApp\TestApp.vcxproj", "{33DE087F-872C-4492-A8AF-AB5A4CDEF9D5}"
	ProjectSection(ProjectDependencies) = postProject
		{21758F87-005E-43EB-B125-52AE366C4C32} = {21758F87-005E-43EB-B125-52AE366C4C32}
		{79773DA1-66DF-484C-9DE2-B8C7FB25CE8B} = {79773DA1-66DF-484C-9DE2-B8C7FB25CE8B}
		{E0B52AE7-E160-4D32-BF3F-910B785E5A8E} = {E0B52AE7-E160-4D32-BF3F-910B785E5A8E}
		{99745BF5-7E15-43E2-895D-EB075081BC64} = {99745BF5-7E15-43E2-895D-EB075081BC64}
		{35E45AF9-7B71-4CC6-873D-D08533D93799} = {35E45AF9-7B71-4CC6-873D-D08533D93799}
	EndProjectSection
EndProject
Project("{8BC9CEB8-8B4A-11D0-8D11-00A0C91BC942}") = "DirectXTK.lib", "External\DirectXTK.lib\DirectXTK.lib.vcxproj", "{E0B52AE7-E160-4D32-BF3F-910B785E5A8E}"
EndProject
Project("{8BC9CEB8-8B4A-11D0-8D11-00A0C91BC942}") = "imgui.lib", "External\imgui.lib\imgui.lib.vcxproj", "{21758F87-005E-43EB-B125-52AE366C4C32}"
EndProject
Global
	GlobalSection(SolutionConfigurationPlatforms) = preSolution
		Debug|x64 = Debug|x64
		Debug|x86 = Debug|x86
		Release|x64 = Release|x64
		Release|x86 = Release|x86
	EndGlobalSection
	GlobalSection(ProjectConfigurationPlatforms) = postSolution
		{79773DA1-66DF-484C-9DE2-B8C7FB25CE8B}.Debug|x64.ActiveCfg = Debug|x64
		{79773DA1-66DF-484C-9DE2-B8C7FB25CE8B}.Debug|x64.Build.0 = Debug|x64
		{79773DA1-66DF-484C-9DE2-B8C7FB25CE8B}.Debug|x86.ActiveCfg = Debug|x64
		{79773DA1-66DF-484C-9DE2-B8C7FB25CE8B}.Debug|x86.Build.0 = Debug|x64
		{79773DA1-66DF-484C-9DE2-B8C7FB25CE8B}.Release|x64.ActiveCfg = Release|x64
		{79773DA1-66DF-484C-9DE2-B8C7FB25CE8B}.Release|x64.Build.0 = Release|x64
		{79773DA1-66DF-484C-9DE2-B8C7FB25CE8B}.Release|x86.ActiveCfg = Release|Win32
		{79773DA1-66DF-484C-9DE2-B8C7FB25CE8B}.Release|x86.Build.0 = Release|Win32
		{99745BF5-7E15-43E2-895D-EB075081BC64}.Debug|x64.ActiveCfg = Debug|x64
		{99745BF5-7E15-43E2-895D-EB075081BC64}.Debug|x64.Build.0 = Debug|x64
		{99745BF5-7E15-43E2-895D-EB075081BC64}.Debug|x86.ActiveCfg = Debug|x64
		{99745BF5-7E15-43E2-895D-EB075081BC64}.Debug|x86.Build.0 = Debug|x64
		{99745BF5-7E15-43E2-895D-EB075081BC64}.Release|x64.ActiveCfg = Release|x64
		{99745BF5-7E15-43E2-895D-EB075081BC64}.Release|x64.Build.0 = Release|x64
		{99745BF5-7E15-43E2-895D-EB075081BC64}.Release|x86.ActiveCfg = Release|Win32
		{99745BF5-7E15-43E2-895D-EB075081BC64}.Release|x86.Build.0 = Release|Win32
		{35E45AF9-7B71-4CC6-873D-D08533D93799}.Debug|x64.ActiveCfg = Debug|x64
		{35E45AF9-7B71-4CC6-873D-D08533D93799}.Debug|x64.Build.0 = Debug|x64
		{35E45AF9-7B71-4CC6-873D-D08533D93799}.Debug|x86.ActiveCfg = Debug|x64
		{35E45AF9-7B71-4CC6-873D-D08533D93799}.Debug|x86.Build.0 = Debug|x64
		{35E45AF9-7B71-4CC6-873D-D08533D93799}.Release|x64.ActiveCfg = Release|x64
		{35E45AF9-7B71-4CC6-873D-D08533D93799}.Release|x64.Build.0 = Release|x64
		{35E45AF9-7B71-4CC6-873D-D08533D93799}.Release|x86.ActiveCfg = Release|Win32
		{35E45AF9-7B71-4CC6-873D-D08533D93799}.Release|x86.Build.0 = Release|Win32
		{33DE087F-872C-4492-A8AF-AB5A4CDEF9D5}.Debug|x64.ActiveCfg = Debug|x64
		{33DE087F-872C-4492-A8AF-AB5A4CDEF9D5}.Debug|x64.Build.0 = Debug|x64
		{33DE087F-872C-4492-A8AF-AB5A4CDEF9D5}.Debug|x86.ActiveCfg = Debug|x64
		{33DE087F-872C-4492-A8AF-AB5A4CDEF9D5}.Debug|x86.Build.0 = Debug|x64
		{33DE087F-872C-4492-A8AF-AB5A4CDEF9D5}.Release|x64.ActiveCfg = Release|x64
		{33DE087F-872C-4492-A8AF-AB5A4CDEF9D5}.Release|x64.Build.0 = Release|x64
		{33DE087F-872C-4492-A8AF-AB5A4CDEF9D5}.Release|x86.ActiveCfg = Release|Win32
		{33DE087F-872C-4492-A8AF-AB5A4CDEF9D5}.Release|x86.Build.0 = Release|Win32
		{E0B52AE7-E160-4D32-BF3F-910B785E5A8E}.Debug|x64.ActiveCfg = Debug|x64
		{E0B52AE7-E160-4D32-BF3F-910B785E5A8E}.Debug|x64.Build.0 = Debug|x64
		{E0B52AE7-E160-4D32-BF3F-910B785E5A8E}.Debug|x86.ActiveCfg = Debug|x64
		{E0B52AE7-E160-4D32-BF3F-910B785E5A8E}.Debug|x86.Build.0 = Debug|x64
		{E0B52AE7-E160-4D32-BF3F-910B785E5A8E}.Release|x64.ActiveCfg = Release|x64
		{E0B52AE7-E160-4D32-BF3F-910B785E5A8E}.Release|x64.Build.0 = Release|x64
		{E0B52AE7-E160-4D32-BF3F-910B785E5A8E}.Release|x86.ActiveCfg = Release|Win32
		{E0B52AE7-E160-4D32-BF3F-910B785E5A8E}.Release|x86.Build.0 = Release|Win32
		{21758F87-005E-43EB-B125-52AE366C4C32}.Debug|x64.ActiveCfg = Debug|x64
		{21758F87-005E-43EB-B125-52AE366C4C32}.Debug|x64.Build.0 = Debug|x64
		{21758F87-005E-43EB-B125-52AE366C4C32}.Debug|x86.ActiveCfg = Debug|x64
		{21758F87-005E-43EB-B125-52AE366C4C32}.Debug|x86.Build.0 = Debug|x64
		{21758F87-005E-43EB-B125-52AE366C4C32}.Release|x64.ActiveCfg = Release|x64
		{21758F87-005E-43EB-B125-52AE366C4C32}.Release|x64.Build.0 = Release|x64
		{21758F87-005E-43EB-B125-52AE366C4C32}.Release|x86.ActiveCfg = Release|Win32
		{21758F87-005E-43EB-B125-52AE366C4C32}.Release|x86.Build.0 = Release|Win32
	EndGlobalSection
	GlobalSection(SolutionProperties) = preSolution
		HideSolutionNode = FALSE
	EndGlobalSection
	GlobalSection(NestedProjects) = preSolution
		{79773DA1-66DF-484C-9DE2-B8C7FB25CE8B} = {BCEAA97A-57CE-4508-B60C-E42AE8286FCC}
		{99745BF5-7E15-43E2-895D-EB075081BC64} = {BCEAA97A-57CE-4508-B60C-E42AE8286FCC}
		{35E45AF9-7B71-4CC6-873D-D08533D93799} = {BCEAA97A-57CE-4508-B60C-E42AE8286FCC}
		{E0B52AE7-E160-4D32-BF3F-910B785E5A8E} = {B43C9BA6-6BC9-4A17-A978-D1A34379663E}
		{21758F87-005E-43EB-B125-52AE366C4C32} = {B43C9BA6-6BC9-4A17-A978-D1A34379663E}
	EndGlobalSection
	GlobalSection(ExtensibilityGlobals) = postSolution
		SolutionGuid = {8BE7A79A-A2C9-4413-AAE0-752AE73DD255}
	EndGlobalSection
EndGlobal
